{
  "requires": true,
  "lockfileVersion": 1,
  "dependencies": {
    "jy-request": {
      "version": "1.0.0",
      "resolved": "https://registry.npmjs.org/jy-request/-/jy-request-1.0.0.tgz",
      "integrity": "sha512-j4hfaW0ZvKkbGj0fwRvc0Ipvsa8IA2AtY4jIWKWyyzD1nVBHkLoxw4pGb/6ULg2+5iyTE/eAIP4sTJmAP3efvg=="
    }
  }
}
