{
  "name": "jy-image",
  "version": "1.0.0",
  "lockfileVersion": 1,
  "requires": true,
  "dependencies": {
    "jy-request": {
      "version": "1.0.1",
      "resolved": "https://registry.npmjs.org/jy-request/-/jy-request-1.0.1.tgz",
      "integrity": "sha512-3HzwC+vTaY12oARFhaL3plP+vEUTx3U+WR6nWM+LhIW0EFbjc2M1AikWR9mP4k6VovAoN3X76rZx7oAXb7HTEw=="
    }
  }
}
